// !$*UTF8*$!
{
	archiveVersion = 1;
	classes = {
	};
	objectVersion = 70;
	objects = {

/* Begin PBXBuildFile section */
		340220202B00E5B20007E9EB /* DownloadImageOperation.swift in Sources */ = {isa = PBXBuildFile; fileRef = 3402201F2B00E5B20007E9EB /* DownloadImageOperation.swift */; };
		3403C5A92D7A046400E33349 /* View+contentMargins.swift in Sources */ = {isa = PBXBuildFile; fileRef = 3403C5A82D7A046400E33349 /* View+contentMargins.swift */; };
		3403C5AA2D7A046400E33349 /* View+contentMargins.swift in Sources */ = {isa = PBXBuildFile; fileRef = 3403C5A82D7A046400E33349 /* View+contentMargins.swift */; };
		340995622A759EC9004F9AAF /* SwipeActions in Frameworks */ = {isa = PBXBuildFile; productRef = 340995612A759EC9004F9AAF /* SwipeActions */; };
		341333FE2D346D47001110EF /* Array<Equatable&Hashable>+unique.swift in Sources */ = {isa = PBXBuildFile; fileRef = 341333FD2D346D39001110EF /* Array<Equatable&Hashable>+unique.swift */; };
		341333FF2D346D47001110EF /* Array<Equatable&Hashable>+unique.swift in Sources */ = {isa = PBXBuildFile; fileRef = 341333FD2D346D39001110EF /* Array<Equatable&Hashable>+unique.swift */; };
		344DFF0D2A69AE250057093F /* InfiniteScrollViews in Frameworks */ = {isa = PBXBuildFile; productRef = 344DFF0C2A69AE250057093F /* InfiniteScrollViews */; };
		3457B4942AE4373B00390A5A /* GetImage.swift in Sources */ = {isa = PBXBuildFile; fileRef = 3457B4932AE4373B00390A5A /* GetImage.swift */; };
		3457B49C2AE43A0C00390A5A /* README.md in Resources */ = {isa = PBXBuildFile; fileRef = 3457B49B2AE43A0C00390A5A /* README.md */; };
		345DC3062AE45E2B007AE044 /* Atwy.xcdatamodeld in Sources */ = {isa = PBXBuildFile; fileRef = 345DC3042AE45E2B007AE044 /* Atwy.xcdatamodeld */; };
		345DC3092AE45FB3007AE044 /* DISCLAIMER.md in Resources */ = {isa = PBXBuildFile; fileRef = 345DC3082AE45FB3007AE044 /* DISCLAIMER.md */; };
		347AE2562A6C65490099DDE7 /* YouTubeKit in Frameworks */ = {isa = PBXBuildFile; productRef = 347AE2552A6C65490099DDE7 /* YouTubeKit */; };
		3483A7812AFEC4BF00A19533 /* FavoriteVideo+matchesQuery.swift in Sources */ = {isa = PBXBuildFile; fileRef = 3483A7802AFEC4BF00A19533 /* FavoriteVideo+matchesQuery.swift */; };
		3483A7842AFEC64800A19533 /* DownloadedVideo+matchesQuery.swift in Sources */ = {isa = PBXBuildFile; fileRef = 3483A7832AFEC64800A19533 /* DownloadedVideo+matchesQuery.swift */; };
		349ED1362BA38CAC00F4B805 /* WidgetKit.framework in Frameworks */ = {isa = PBXBuildFile; fileRef = 349ED1352BA38CAC00F4B805 /* WidgetKit.framework */; };
		349ED1382BA38CAC00F4B805 /* SwiftUI.framework in Frameworks */ = {isa = PBXBuildFile; fileRef = 349ED1372BA38CAC00F4B805 /* SwiftUI.framework */; };
		349ED13B2BA38CAC00F4B805 /* AtwyWidgetsBundle.swift in Sources */ = {isa = PBXBuildFile; fileRef = 349ED13A2BA38CAC00F4B805 /* AtwyWidgetsBundle.swift */; };
		349ED13D2BA38CAC00F4B805 /* AtwyWidgetsLiveActivity.swift in Sources */ = {isa = PBXBuildFile; fileRef = 349ED13C2BA38CAC00F4B805 /* AtwyWidgetsLiveActivity.swift */; };
		349ED1432BA38CAD00F4B805 /* Assets.xcassets in Resources */ = {isa = PBXBuildFile; fileRef = 349ED1422BA38CAD00F4B805 /* Assets.xcassets */; };
		349ED1472BA38CAD00F4B805 /* AtwyWidgetsExtension.appex in Embed Foundation Extensions */ = {isa = PBXBuildFile; fileRef = 349ED1342BA38CAC00F4B805 /* AtwyWidgetsExtension.appex */; settings = {ATTRIBUTES = (RemoveHeadersOnCopy, ); }; };
		349ED14B2BA38EC200F4B805 /* NotificationName+AtwyNotifications.swift in Sources */ = {isa = PBXBuildFile; fileRef = 34BE05CC2B18A4DF00E1A2B6 /* NotificationName+AtwyNotifications.swift */; };
		349ED14C2BA38EC200F4B805 /* ColorSchemeExtension.swift in Sources */ = {isa = PBXBuildFile; fileRef = 34B5FDF52ADA856800367036 /* ColorSchemeExtension.swift */; };
		349ED14D2BA3939C00F4B805 /* AtwyWidgetsLiveActivity.swift in Sources */ = {isa = PBXBuildFile; fileRef = 349ED13C2BA38CAC00F4B805 /* AtwyWidgetsLiveActivity.swift */; };
		34AB99AC2B1A7A460083B1DB /* FileManagerModel.swift in Sources */ = {isa = PBXBuildFile; fileRef = 34AB99AB2B1A7A460083B1DB /* FileManagerModel.swift */; };
		34B5FE1B2ADA856900367036 /* Persistence.swift in Sources */ = {isa = PBXBuildFile; fileRef = 34B5FDD22ADA856400367036 /* Persistence.swift */; };
		34B5FE3E2ADA856900367036 /* ColorSchemeExtension.swift in Sources */ = {isa = PBXBuildFile; fileRef = 34B5FDF52ADA856800367036 /* ColorSchemeExtension.swift */; };
		34B8B2D72AE0265200C5C07C /* DownloadedChannel+CoreDataClass.swift in Sources */ = {isa = PBXBuildFile; fileRef = 34B8B2CD2AE0265200C5C07C /* DownloadedChannel+CoreDataClass.swift */; };
		34B8B2D82AE0265200C5C07C /* DownloadedChannel+CoreDataProperties.swift in Sources */ = {isa = PBXBuildFile; fileRef = 34B8B2CE2AE0265200C5C07C /* DownloadedChannel+CoreDataProperties.swift */; };
		34B8B2D92AE0265200C5C07C /* DownloadedVideoChapter+CoreDataClass.swift in Sources */ = {isa = PBXBuildFile; fileRef = 34B8B2CF2AE0265200C5C07C /* DownloadedVideoChapter+CoreDataClass.swift */; };
		34B8B2DA2AE0265200C5C07C /* DownloadedVideoChapter+CoreDataProperties.swift in Sources */ = {isa = PBXBuildFile; fileRef = 34B8B2D02AE0265200C5C07C /* DownloadedVideoChapter+CoreDataProperties.swift */; };
		34B8B2DD2AE0265200C5C07C /* DownloadedVideo+CoreDataClass.swift in Sources */ = {isa = PBXBuildFile; fileRef = 34B8B2D32AE0265200C5C07C /* DownloadedVideo+CoreDataClass.swift */; };
		34B8B2DE2AE0265200C5C07C /* DownloadedVideo+CoreDataProperties.swift in Sources */ = {isa = PBXBuildFile; fileRef = 34B8B2D42AE0265200C5C07C /* DownloadedVideo+CoreDataProperties.swift */; };
		34B8B2F32AE1278300C5C07C /* FavoriteVideo+CoreDataClass.swift in Sources */ = {isa = PBXBuildFile; fileRef = 34B8B2F12AE1278300C5C07C /* FavoriteVideo+CoreDataClass.swift */; };
		34B8B2F42AE1278300C5C07C /* FavoriteVideo+CoreDataProperties.swift in Sources */ = {isa = PBXBuildFile; fileRef = 34B8B2F22AE1278300C5C07C /* FavoriteVideo+CoreDataProperties.swift */; };
		34BE05CD2B18A4DF00E1A2B6 /* NotificationName+AtwyNotifications.swift in Sources */ = {isa = PBXBuildFile; fileRef = 34BE05CC2B18A4DF00E1A2B6 /* NotificationName+AtwyNotifications.swift */; };
		34E2652D2B1A6898007BB226 /* DownloadedVideo+toYTVideo.swift in Sources */ = {isa = PBXBuildFile; fileRef = 34E2652C2B1A6897007BB226 /* DownloadedVideo+toYTVideo.swift */; };
		34E2652F2B1A694E007BB226 /* FavoriteVideo+toYTVideo.swift in Sources */ = {isa = PBXBuildFile; fileRef = 34E2652E2B1A694E007BB226 /* FavoriteVideo+toYTVideo.swift */; };
		34F0AF002C581A6300F4043B /* View+centered.swift in Sources */ = {isa = PBXBuildFile; fileRef = 34F0AE492C581A6300F4043B /* View+centered.swift */; };
		34F0AF4F2C5820E100F4043B /* View+centered.swift in Sources */ = {isa = PBXBuildFile; fileRef = 34F0AE492C581A6300F4043B /* View+centered.swift */; };
/* End PBXBuildFile section */

/* Begin PBXContainerItemProxy section */
		349ED1452BA38CAD00F4B805 /* PBXContainerItemProxy */ = {
			isa = PBXContainerItemProxy;
			containerPortal = 344ED4992928D85100DB56EA /* Project object */;
			proxyType = 1;
			remoteGlobalIDString = 349ED1332BA38CAC00F4B805;
			remoteInfo = AtwyWidgetsExtension;
		};
/* End PBXContainerItemProxy section */

/* Begin PBXCopyFilesBuildPhase section */
		34E265292B1A3EF0007BB226 /* Embed Foundation Extensions */ = {
			isa = PBXCopyFilesBuildPhase;
			buildActionMask = 2147483647;
			dstPath = "";
			dstSubfolderSpec = 13;
			files = (
				349ED1472BA38CAD00F4B805 /* AtwyWidgetsExtension.appex in Embed Foundation Extensions */,
			);
			name = "Embed Foundation Extensions";
			runOnlyForDeploymentPostprocessing = 0;
		};
/* End PBXCopyFilesBuildPhase section */

/* Begin PBXFileReference section */
		3402201F2B00E5B20007E9EB /* DownloadImageOperation.swift */ = {isa = PBXFileReference; lastKnownFileType = sourcecode.swift; path = DownloadImageOperation.swift; sourceTree = "<group>"; };
		3403C5A82D7A046400E33349 /* View+contentMargins.swift */ = {isa = PBXFileReference; lastKnownFileType = sourcecode.swift; path = "View+contentMargins.swift"; sourceTree = "<group>"; };
		341333FD2D346D39001110EF /* Array<Equatable&Hashable>+unique.swift */ = {isa = PBXFileReference; lastKnownFileType = sourcecode.swift; path = "Array<Equatable&Hashable>+unique.swift"; sourceTree = "<group>"; };
		3417B20C2BA99CD2001D354C /* CoreAudioTypes.framework */ = {isa = PBXFileReference; lastKnownFileType = wrapper.framework; name = CoreAudioTypes.framework; path = System/Library/Frameworks/CoreAudioTypes.framework; sourceTree = SDKROOT; };
		34320DFE297324C700B2CAE8 /* Messages.framework */ = {isa = PBXFileReference; lastKnownFileType = wrapper.framework; name = Messages.framework; path = System/Library/Frameworks/Messages.framework; sourceTree = SDKROOT; };
		344ED4A12928D85100DB56EA /* Atwy.app */ = {isa = PBXFileReference; explicitFileType = wrapper.application; includeInIndex = 0; path = Atwy.app; sourceTree = BUILT_PRODUCTS_DIR; };
		3457B4932AE4373B00390A5A /* GetImage.swift */ = {isa = PBXFileReference; lastKnownFileType = sourcecode.swift; path = GetImage.swift; sourceTree = "<group>"; };
		3457B49B2AE43A0C00390A5A /* README.md */ = {isa = PBXFileReference; fileEncoding = 4; lastKnownFileType = net.daringfireball.markdown; path = README.md; sourceTree = "<group>"; };
		345DA1B52BB5CDED002FB283 /* AVKit.framework */ = {isa = PBXFileReference; lastKnownFileType = wrapper.framework; name = AVKit.framework; path = System/Library/Frameworks/AVKit.framework; sourceTree = SDKROOT; };
		345DC3052AE45E2B007AE044 /* Atwy.xcdatamodel */ = {isa = PBXFileReference; lastKnownFileType = wrapper.xcdatamodel; path = Atwy.xcdatamodel; sourceTree = "<group>"; };
		345DC3082AE45FB3007AE044 /* DISCLAIMER.md */ = {isa = PBXFileReference; lastKnownFileType = net.daringfireball.markdown; path = DISCLAIMER.md; sourceTree = "<group>"; };
		3483A7802AFEC4BF00A19533 /* FavoriteVideo+matchesQuery.swift */ = {isa = PBXFileReference; lastKnownFileType = sourcecode.swift; path = "FavoriteVideo+matchesQuery.swift"; sourceTree = "<group>"; };
		3483A7832AFEC64800A19533 /* DownloadedVideo+matchesQuery.swift */ = {isa = PBXFileReference; lastKnownFileType = sourcecode.swift; path = "DownloadedVideo+matchesQuery.swift"; sourceTree = "<group>"; };
		349ED1342BA38CAC00F4B805 /* AtwyWidgetsExtension.appex */ = {isa = PBXFileReference; explicitFileType = "wrapper.app-extension"; includeInIndex = 0; path = AtwyWidgetsExtension.appex; sourceTree = BUILT_PRODUCTS_DIR; };
		349ED1352BA38CAC00F4B805 /* WidgetKit.framework */ = {isa = PBXFileReference; lastKnownFileType = wrapper.framework; name = WidgetKit.framework; path = System/Library/Frameworks/WidgetKit.framework; sourceTree = SDKROOT; };
		349ED1372BA38CAC00F4B805 /* SwiftUI.framework */ = {isa = PBXFileReference; lastKnownFileType = wrapper.framework; name = SwiftUI.framework; path = System/Library/Frameworks/SwiftUI.framework; sourceTree = SDKROOT; };
		349ED13A2BA38CAC00F4B805 /* AtwyWidgetsBundle.swift */ = {isa = PBXFileReference; lastKnownFileType = sourcecode.swift; path = AtwyWidgetsBundle.swift; sourceTree = "<group>"; };
		349ED13C2BA38CAC00F4B805 /* AtwyWidgetsLiveActivity.swift */ = {isa = PBXFileReference; lastKnownFileType = sourcecode.swift; path = AtwyWidgetsLiveActivity.swift; sourceTree = "<group>"; };
		349ED1422BA38CAD00F4B805 /* Assets.xcassets */ = {isa = PBXFileReference; lastKnownFileType = folder.assetcatalog; path = Assets.xcassets; sourceTree = "<group>"; };
		349ED1442BA38CAD00F4B805 /* Info.plist */ = {isa = PBXFileReference; lastKnownFileType = text.plist.xml; path = Info.plist; sourceTree = "<group>"; };
		34AB99AB2B1A7A460083B1DB /* FileManagerModel.swift */ = {isa = PBXFileReference; fileEncoding = 4; lastKnownFileType = sourcecode.swift; path = FileManagerModel.swift; sourceTree = "<group>"; };
		34B5FDD22ADA856400367036 /* Persistence.swift */ = {isa = PBXFileReference; lastKnownFileType = sourcecode.swift; path = Persistence.swift; sourceTree = "<group>"; };
		34B5FDF52ADA856800367036 /* ColorSchemeExtension.swift */ = {isa = PBXFileReference; lastKnownFileType = sourcecode.swift; path = ColorSchemeExtension.swift; sourceTree = "<group>"; };
		34B8B2CD2AE0265200C5C07C /* DownloadedChannel+CoreDataClass.swift */ = {isa = PBXFileReference; lastKnownFileType = sourcecode.swift; path = "DownloadedChannel+CoreDataClass.swift"; sourceTree = "<group>"; };
		34B8B2CE2AE0265200C5C07C /* DownloadedChannel+CoreDataProperties.swift */ = {isa = PBXFileReference; lastKnownFileType = sourcecode.swift; path = "DownloadedChannel+CoreDataProperties.swift"; sourceTree = "<group>"; };
		34B8B2CF2AE0265200C5C07C /* DownloadedVideoChapter+CoreDataClass.swift */ = {isa = PBXFileReference; lastKnownFileType = sourcecode.swift; path = "DownloadedVideoChapter+CoreDataClass.swift"; sourceTree = "<group>"; };
		34B8B2D02AE0265200C5C07C /* DownloadedVideoChapter+CoreDataProperties.swift */ = {isa = PBXFileReference; lastKnownFileType = sourcecode.swift; path = "DownloadedVideoChapter+CoreDataProperties.swift"; sourceTree = "<group>"; };
		34B8B2D32AE0265200C5C07C /* DownloadedVideo+CoreDataClass.swift */ = {isa = PBXFileReference; lastKnownFileType = sourcecode.swift; path = "DownloadedVideo+CoreDataClass.swift"; sourceTree = "<group>"; };
		34B8B2D42AE0265200C5C07C /* DownloadedVideo+CoreDataProperties.swift */ = {isa = PBXFileReference; lastKnownFileType = sourcecode.swift; path = "DownloadedVideo+CoreDataProperties.swift"; sourceTree = "<group>"; };
		34B8B2F12AE1278300C5C07C /* FavoriteVideo+CoreDataClass.swift */ = {isa = PBXFileReference; lastKnownFileType = sourcecode.swift; path = "FavoriteVideo+CoreDataClass.swift"; sourceTree = "<group>"; };
		34B8B2F22AE1278300C5C07C /* FavoriteVideo+CoreDataProperties.swift */ = {isa = PBXFileReference; lastKnownFileType = sourcecode.swift; path = "FavoriteVideo+CoreDataProperties.swift"; sourceTree = "<group>"; };
		34BE05CC2B18A4DF00E1A2B6 /* NotificationName+AtwyNotifications.swift */ = {isa = PBXFileReference; lastKnownFileType = sourcecode.swift; path = "NotificationName+AtwyNotifications.swift"; sourceTree = "<group>"; };
		34E2652C2B1A6897007BB226 /* DownloadedVideo+toYTVideo.swift */ = {isa = PBXFileReference; lastKnownFileType = sourcecode.swift; path = "DownloadedVideo+toYTVideo.swift"; sourceTree = "<group>"; };
		34E2652E2B1A694E007BB226 /* FavoriteVideo+toYTVideo.swift */ = {isa = PBXFileReference; lastKnownFileType = sourcecode.swift; path = "FavoriteVideo+toYTVideo.swift"; sourceTree = "<group>"; };
		34F0AE492C581A6300F4043B /* View+centered.swift */ = {isa = PBXFileReference; lastKnownFileType = sourcecode.swift; path = "View+centered.swift"; sourceTree = "<group>"; };
/* End PBXFileReference section */

/* Begin PBXFileSystemSynchronizedBuildFileExceptionSet section */
		3422F3212C5802AE00CE5D65 /* PBXFileSystemSynchronizedBuildFileExceptionSet */ = {
			isa = PBXFileSystemSynchronizedBuildFileExceptionSet;
			membershipExceptions = (
				CachedAsyncImage.swift,
			);
			target = 344ED4A02928D85100DB56EA /* Atwy */;
		};
		3422F3232C5802C900CE5D65 /* PBXFileSystemSynchronizedBuildFileExceptionSet */ = {
			isa = PBXFileSystemSynchronizedBuildFileExceptionSet;
			membershipExceptions = (
				CachedAsyncImage.swift,
			);
			target = 349ED1332BA38CAC00F4B805 /* AtwyWidgetsExtension */;
		};
		342BFB7E2C3BF12300602F3C /* PBXFileSystemSynchronizedBuildFileExceptionSet */ = {
			isa = PBXFileSystemSynchronizedBuildFileExceptionSet;
			membershipExceptions = (
				Info.plist,
			);
			target = 344ED4A02928D85100DB56EA /* Atwy */;
		};
		342BFB7F2C3BF12300602F3C /* PBXFileSystemSynchronizedBuildFileExceptionSet */ = {
			isa = PBXFileSystemSynchronizedBuildFileExceptionSet;
			membershipExceptions = (
				CircularProgressView.swift,
			);
			target = 349ED1332BA38CAC00F4B805 /* AtwyWidgetsExtension */;
		};
/* End PBXFileSystemSynchronizedBuildFileExceptionSet section */

/* Begin PBXFileSystemSynchronizedRootGroup section */
		3422F3202C5802A600CE5D65 /* tmp */ = {isa = PBXFileSystemSynchronizedRootGroup; exceptions = (3422F3212C5802AE00CE5D65 /* PBXFileSystemSynchronizedBuildFileExceptionSet */, 3422F3232C5802C900CE5D65 /* PBXFileSystemSynchronizedBuildFileExceptionSet */, ); explicitFileTypes = {}; explicitFolders = (); path = tmp; sourceTree = "<group>"; };
		342BFAEE2C3BF12300602F3C /* Atwy */ = {isa = PBXFileSystemSynchronizedRootGroup; exceptions = (342BFB7E2C3BF12300602F3C /* PBXFileSystemSynchronizedBuildFileExceptionSet */, 342BFB7F2C3BF12300602F3C /* PBXFileSystemSynchronizedBuildFileExceptionSet */, ); explicitFileTypes = {}; explicitFolders = (); path = Atwy; sourceTree = "<group>"; };
/* End PBXFileSystemSynchronizedRootGroup section */

/* Begin PBXFrameworksBuildPhase section */
		344ED49E2928D85100DB56EA /* Frameworks */ = {
			isa = PBXFrameworksBuildPhase;
			buildActionMask = 2147483647;
			files = (
				344DFF0D2A69AE250057093F /* InfiniteScrollViews in Frameworks */,
				340995622A759EC9004F9AAF /* SwipeActions in Frameworks */,
				347AE2562A6C65490099DDE7 /* YouTubeKit in Frameworks */,
			);
			runOnlyForDeploymentPostprocessing = 0;
		};
		349ED1312BA38CAC00F4B805 /* Frameworks */ = {
			isa = PBXFrameworksBuildPhase;
			buildActionMask = 2147483647;
			files = (
				349ED1382BA38CAC00F4B805 /* SwiftUI.framework in Frameworks */,
				349ED1362BA38CAC00F4B805 /* WidgetKit.framework in Frameworks */,
			);
			runOnlyForDeploymentPostprocessing = 0;
		};
/* End PBXFrameworksBuildPhase section */

/* Begin PBXGroup section */
		34320DFD297324C700B2CAE8 /* Frameworks */ = {
			isa = PBXGroup;
			children = (
				345DA1B52BB5CDED002FB283 /* AVKit.framework */,
				3417B20C2BA99CD2001D354C /* CoreAudioTypes.framework */,
				34320DFE297324C700B2CAE8 /* Messages.framework */,
				349ED1352BA38CAC00F4B805 /* WidgetKit.framework */,
				349ED1372BA38CAC00F4B805 /* SwiftUI.framework */,
			);
			name = Frameworks;
			sourceTree = "<group>";
		};
		344ED4982928D85100DB56EA = {
			isa = PBXGroup;
			children = (
				34AB99A62B1A79C20083B1DB /* Shared */,
				345DC3082AE45FB3007AE044 /* DISCLAIMER.md */,
				3457B49B2AE43A0C00390A5A /* README.md */,
				342BFAEE2C3BF12300602F3C /* Atwy */,
				349ED1392BA38CAC00F4B805 /* AtwyWidgets */,
				34320DFD297324C700B2CAE8 /* Frameworks */,
				344ED4A22928D85100DB56EA /* Products */,
			);
			sourceTree = "<group>";
		};
		344ED4A22928D85100DB56EA /* Products */ = {
			isa = PBXGroup;
			children = (
				344ED4A12928D85100DB56EA /* Atwy.app */,
				349ED1342BA38CAC00F4B805 /* AtwyWidgetsExtension.appex */,
			);
			name = Products;
			sourceTree = "<group>";
		};
		349ED1392BA38CAC00F4B805 /* AtwyWidgets */ = {
			isa = PBXGroup;
			children = (
				349ED13A2BA38CAC00F4B805 /* AtwyWidgetsBundle.swift */,
				349ED13C2BA38CAC00F4B805 /* AtwyWidgetsLiveActivity.swift */,
				349ED1422BA38CAD00F4B805 /* Assets.xcassets */,
				349ED1442BA38CAD00F4B805 /* Info.plist */,
			);
			path = AtwyWidgets;
			sourceTree = "<group>";
		};
		34AB99A62B1A79C20083B1DB /* Shared */ = {
			isa = PBXGroup;
			children = (
				3422F3202C5802A600CE5D65 /* tmp */,
				34AB99A72B1A79DF0083B1DB /* Extensions */,
				34B8B2CC2AE018FD00C5C07C /* Storage */,
			);
			path = Shared;
			sourceTree = "<group>";
		};
		34AB99A72B1A79DF0083B1DB /* Extensions */ = {
			isa = PBXGroup;
			children = (
				3403C5A82D7A046400E33349 /* View+contentMargins.swift */,
				341333FD2D346D39001110EF /* Array<Equatable&Hashable>+unique.swift */,
				34B5FDF52ADA856800367036 /* ColorSchemeExtension.swift */,
				34BE05CC2B18A4DF00E1A2B6 /* NotificationName+AtwyNotifications.swift */,
				34F0AE492C581A6300F4043B /* View+centered.swift */,
			);
			path = Extensions;
			sourceTree = "<group>";
		};
		34B8B2CC2AE018FD00C5C07C /* Storage */ = {
			isa = PBXGroup;
			children = (
				34AB99AB2B1A7A460083B1DB /* FileManagerModel.swift */,
				345DC3042AE45E2B007AE044 /* Atwy.xcdatamodeld */,
				34B8B2CD2AE0265200C5C07C /* DownloadedChannel+CoreDataClass.swift */,
				34B8B2CE2AE0265200C5C07C /* DownloadedChannel+CoreDataProperties.swift */,
				34B8B2D32AE0265200C5C07C /* DownloadedVideo+CoreDataClass.swift */,
				34B8B2D42AE0265200C5C07C /* DownloadedVideo+CoreDataProperties.swift */,
				3483A7832AFEC64800A19533 /* DownloadedVideo+matchesQuery.swift */,
				34E2652C2B1A6897007BB226 /* DownloadedVideo+toYTVideo.swift */,
				34B8B2CF2AE0265200C5C07C /* DownloadedVideoChapter+CoreDataClass.swift */,
				34B8B2D02AE0265200C5C07C /* DownloadedVideoChapter+CoreDataProperties.swift */,
				3402201F2B00E5B20007E9EB /* DownloadImageOperation.swift */,
				34B8B2F12AE1278300C5C07C /* FavoriteVideo+CoreDataClass.swift */,
				34B8B2F22AE1278300C5C07C /* FavoriteVideo+CoreDataProperties.swift */,
				3483A7802AFEC4BF00A19533 /* FavoriteVideo+matchesQuery.swift */,
				34E2652E2B1A694E007BB226 /* FavoriteVideo+toYTVideo.swift */,
				3457B4932AE4373B00390A5A /* GetImage.swift */,
				34B5FDD22ADA856400367036 /* Persistence.swift */,
			);
			path = Storage;
			sourceTree = "<group>";
		};
/* End PBXGroup section */

/* Begin PBXNativeTarget section */
		344ED4A02928D85100DB56EA /* Atwy */ = {
			isa = PBXNativeTarget;
			buildConfigurationList = 344ED4B42928D85200DB56EA /* Build configuration list for PBXNativeTarget "Atwy" */;
			buildPhases = (
				342437F529CCC08200934A4C /* ShellScript */,
				344ED49D2928D85100DB56EA /* Sources */,
				344ED49E2928D85100DB56EA /* Frameworks */,
				344ED49F2928D85100DB56EA /* Resources */,
				34E265292B1A3EF0007BB226 /* Embed Foundation Extensions */,
			);
			buildRules = (
			);
			dependencies = (
				349ED1462BA38CAD00F4B805 /* PBXTargetDependency */,
			);
			fileSystemSynchronizedGroups = (
				342BFAEE2C3BF12300602F3C /* Atwy */,
			);
			name = Atwy;
			packageProductDependencies = (
				344DFF0C2A69AE250057093F /* InfiniteScrollViews */,
				347AE2552A6C65490099DDE7 /* YouTubeKit */,
				340995612A759EC9004F9AAF /* SwipeActions */,
			);
			productName = Atwy;
			productReference = 344ED4A12928D85100DB56EA /* Atwy.app */;
			productType = "com.apple.product-type.application";
		};
		349ED1332BA38CAC00F4B805 /* AtwyWidgetsExtension */ = {
			isa = PBXNativeTarget;
			buildConfigurationList = 349ED1482BA38CAD00F4B805 /* Build configuration list for PBXNativeTarget "AtwyWidgetsExtension" */;
			buildPhases = (
				349ED1302BA38CAC00F4B805 /* Sources */,
				349ED1312BA38CAC00F4B805 /* Frameworks */,
				349ED1322BA38CAC00F4B805 /* Resources */,
			);
			buildRules = (
			);
			dependencies = (
			);
			name = AtwyWidgetsExtension;
			productName = AtwyWidgetsExtension;
			productReference = 349ED1342BA38CAC00F4B805 /* AtwyWidgetsExtension.appex */;
			productType = "com.apple.product-type.app-extension";
		};
/* End PBXNativeTarget section */

/* Begin PBXProject section */
		344ED4992928D85100DB56EA /* Project object */ = {
			isa = PBXProject;
			attributes = {
				BuildIndependentTargetsInParallel = 1;
				KnownAssetTags = (
					New,
				);
				LastSwiftUpdateCheck = 1530;
				LastUpgradeCheck = 2600;
				TargetAttributes = {
					344ED4A02928D85100DB56EA = {
						CreatedOnToolsVersion = 14.1;
					};
					349ED1332BA38CAC00F4B805 = {
						CreatedOnToolsVersion = 15.3;
					};
				};
			};
			buildConfigurationList = 344ED49C2928D85100DB56EA /* Build configuration list for PBXProject "Atwy" */;
			compatibilityVersion = "Xcode 14.0";
			developmentRegion = en;
			hasScannedForEncodings = 0;
			knownRegions = (
				en,
				Base,
			);
			mainGroup = 344ED4982928D85100DB56EA;
			packageReferences = (
				344DFF0B2A69AE250057093F /* XCRemoteSwiftPackageReference "InfiniteScrollViews" */,
				347AE2542A6C65490099DDE7 /* XCRemoteSwiftPackageReference "YouTubeKit" */,
				340995602A759EC9004F9AAF /* XCRemoteSwiftPackageReference "SwipeActions" */,
			);
			productRefGroup = 344ED4A22928D85100DB56EA /* Products */;
			projectDirPath = "";
			projectRoot = "";
			targets = (
				344ED4A02928D85100DB56EA /* Atwy */,
				349ED1332BA38CAC00F4B805 /* AtwyWidgetsExtension */,
			);
		};
/* End PBXProject section */

/* Begin PBXResourcesBuildPhase section */
		344ED49F2928D85100DB56EA /* Resources */ = {
			isa = PBXResourcesBuildPhase;
			buildActionMask = 2147483647;
			files = (
				3457B49C2AE43A0C00390A5A /* README.md in Resources */,
				345DC3092AE45FB3007AE044 /* DISCLAIMER.md in Resources */,
			);
			runOnlyForDeploymentPostprocessing = 0;
		};
		349ED1322BA38CAC00F4B805 /* Resources */ = {
			isa = PBXResourcesBuildPhase;
			buildActionMask = 2147483647;
			files = (
				349ED1432BA38CAD00F4B805 /* Assets.xcassets in Resources */,
			);
			runOnlyForDeploymentPostprocessing = 0;
		};
/* End PBXResourcesBuildPhase section */

/* Begin PBXShellScriptBuildPhase section */
		342437F529CCC08200934A4C /* ShellScript */ = {
			isa = PBXShellScriptBuildPhase;
			buildActionMask = 2147483647;
			files = (
			);
			inputFileListPaths = (
			);
			inputPaths = (
			);
			outputFileListPaths = (
			);
			outputPaths = (
			);
			runOnlyForDeploymentPostprocessing = 0;
			shellPath = /bin/zsh;
			shellScript = "#/opt/homebrew/bin/swiftlint\n";
		};
/* End PBXShellScriptBuildPhase section */

/* Begin PBXSourcesBuildPhase section */
		344ED49D2928D85100DB56EA /* Sources */ = {
			isa = PBXSourcesBuildPhase;
			buildActionMask = 2147483647;
			files = (
				34B8B2F32AE1278300C5C07C /* FavoriteVideo+CoreDataClass.swift in Sources */,
				3483A7842AFEC64800A19533 /* DownloadedVideo+matchesQuery.swift in Sources */,
				34F0AF002C581A6300F4043B /* View+centered.swift in Sources */,
				34B8B2DE2AE0265200C5C07C /* DownloadedVideo+CoreDataProperties.swift in Sources */,
				349ED14D2BA3939C00F4B805 /* AtwyWidgetsLiveActivity.swift in Sources */,
				34B8B2DA2AE0265200C5C07C /* DownloadedVideoChapter+CoreDataProperties.swift in Sources */,
				3403C5A92D7A046400E33349 /* View+contentMargins.swift in Sources */,
				34BE05CD2B18A4DF00E1A2B6 /* NotificationName+AtwyNotifications.swift in Sources */,
				34B8B2F42AE1278300C5C07C /* FavoriteVideo+CoreDataProperties.swift in Sources */,
				34B5FE1B2ADA856900367036 /* Persistence.swift in Sources */,
				3483A7812AFEC4BF00A19533 /* FavoriteVideo+matchesQuery.swift in Sources */,
				3457B4942AE4373B00390A5A /* GetImage.swift in Sources */,
				34E2652D2B1A6898007BB226 /* DownloadedVideo+toYTVideo.swift in Sources */,
				34E2652F2B1A694E007BB226 /* FavoriteVideo+toYTVideo.swift in Sources */,
				345DC3062AE45E2B007AE044 /* Atwy.xcdatamodeld in Sources */,
				34B5FE3E2ADA856900367036 /* ColorSchemeExtension.swift in Sources */,
				34B8B2D82AE0265200C5C07C /* DownloadedChannel+CoreDataProperties.swift in Sources */,
				34AB99AC2B1A7A460083B1DB /* FileManagerModel.swift in Sources */,
				34B8B2D72AE0265200C5C07C /* DownloadedChannel+CoreDataClass.swift in Sources */,
				34B8B2D92AE0265200C5C07C /* DownloadedVideoChapter+CoreDataClass.swift in Sources */,
				341333FE2D346D47001110EF /* Array<Equatable&Hashable>+unique.swift in Sources */,
				34B8B2DD2AE0265200C5C07C /* DownloadedVideo+CoreDataClass.swift in Sources */,
				340220202B00E5B20007E9EB /* DownloadImageOperation.swift in Sources */,
			);
			runOnlyForDeploymentPostprocessing = 0;
		};
		349ED1302BA38CAC00F4B805 /* Sources */ = {
			isa = PBXSourcesBuildPhase;
			buildActionMask = 2147483647;
			files = (
				34F0AF4F2C5820E100F4043B /* View+centered.swift in Sources */,
				349ED13B2BA38CAC00F4B805 /* AtwyWidgetsBundle.swift in Sources */,
				349ED14B2BA38EC200F4B805 /* NotificationName+AtwyNotifications.swift in Sources */,
				349ED14C2BA38EC200F4B805 /* ColorSchemeExtension.swift in Sources */,
				349ED13D2BA38CAC00F4B805 /* AtwyWidgetsLiveActivity.swift in Sources */,
				3403C5AA2D7A046400E33349 /* View+contentMargins.swift in Sources */,
				341333FF2D346D47001110EF /* Array<Equatable&Hashable>+unique.swift in Sources */,
			);
			runOnlyForDeploymentPostprocessing = 0;
		};
/* End PBXSourcesBuildPhase section */

/* Begin PBXTargetDependency section */
		349ED1462BA38CAD00F4B805 /* PBXTargetDependency */ = {
			isa = PBXTargetDependency;
			target = 349ED1332BA38CAC00F4B805 /* AtwyWidgetsExtension */;
			targetProxy = 349ED1452BA38CAD00F4B805 /* PBXContainerItemProxy */;
		};
/* End PBXTargetDependency section */

/* Begin XCBuildConfiguration section */
		344ED4B22928D85200DB56EA /* Debug */ = {
			isa = XCBuildConfiguration;
			buildSettings = {
				ALWAYS_SEARCH_USER_PATHS = NO;
				ASSETCATALOG_COMPILER_GENERATE_SWIFT_ASSET_SYMBOL_EXTENSIONS = YES;
				CLANG_ANALYZER_NONNULL = YES;
				CLANG_ANALYZER_NUMBER_OBJECT_CONVERSION = YES_AGGRESSIVE;
				CLANG_CXX_LANGUAGE_STANDARD = "gnu++20";
				CLANG_ENABLE_MODULES = YES;
				CLANG_ENABLE_OBJC_ARC = YES;
				CLANG_ENABLE_OBJC_WEAK = YES;
				CLANG_WARN_BLOCK_CAPTURE_AUTORELEASING = YES;
				CLANG_WARN_BOOL_CONVERSION = YES;
				CLANG_WARN_COMMA = YES;
				CLANG_WARN_CONSTANT_CONVERSION = YES;
				CLANG_WARN_DEPRECATED_OBJC_IMPLEMENTATIONS = YES;
				CLANG_WARN_DIRECT_OBJC_ISA_USAGE = YES_ERROR;
				CLANG_WARN_DOCUMENTATION_COMMENTS = YES;
				CLANG_WARN_EMPTY_BODY = YES;
				CLANG_WARN_ENUM_CONVERSION = YES;
				CLANG_WARN_INFINITE_RECURSION = YES;
				CLANG_WARN_INT_CONVERSION = YES;
				CLANG_WARN_NON_LITERAL_NULL_CONVERSION = YES;
				CLANG_WARN_OBJC_IMPLICIT_RETAIN_SELF = YES;
				CLANG_WARN_OBJC_LITERAL_CONVERSION = YES;
				CLANG_WARN_OBJC_ROOT_CLASS = YES_ERROR;
				CLANG_WARN_QUOTED_INCLUDE_IN_FRAMEWORK_HEADER = YES;
				CLANG_WARN_RANGE_LOOP_ANALYSIS = YES;
				CLANG_WARN_STRICT_PROTOTYPES = YES;
				CLANG_WARN_SUSPICIOUS_MOVE = YES;
				CLANG_WARN_UNGUARDED_AVAILABILITY = YES_AGGRESSIVE;
				CLANG_WARN_UNREACHABLE_CODE = YES;
				CLANG_WARN__DUPLICATE_METHOD_MATCH = YES;
				COPY_PHASE_STRIP = NO;
				DEBUG_INFORMATION_FORMAT = dwarf;
				DEVELOPMENT_TEAM = QDH78FDX85;
				ENABLE_DEBUG_DYLIB = YES;
				ENABLE_STRICT_OBJC_MSGSEND = YES;
				ENABLE_TESTABILITY = YES;
				ENABLE_USER_SCRIPT_SANDBOXING = NO;
				GCC_C_LANGUAGE_STANDARD = gnu11;
				GCC_DYNAMIC_NO_PIC = NO;
				GCC_NO_COMMON_BLOCKS = YES;
				GCC_OPTIMIZATION_LEVEL = 0;
				GCC_PREPROCESSOR_DEFINITIONS = (
					"DEBUG=1",
					"$(inherited)",
				);
				GCC_WARN_64_TO_32_BIT_CONVERSION = YES;
				GCC_WARN_ABOUT_RETURN_TYPE = YES_ERROR;
				GCC_WARN_UNDECLARED_SELECTOR = YES;
				GCC_WARN_UNINITIALIZED_AUTOS = YES_AGGRESSIVE;
				GCC_WARN_UNUSED_FUNCTION = YES;
				GCC_WARN_UNUSED_VARIABLE = YES;
				IPHONEOS_DEPLOYMENT_TARGET = 16.0;
				MTL_ENABLE_DEBUG_INFO = INCLUDE_SOURCE;
				MTL_FAST_MATH = YES;
				ONLY_ACTIVE_ARCH = YES;
				SDKROOT = iphoneos;
				STRING_CATALOG_GENERATE_SYMBOLS = YES;
				SWIFT_ACTIVE_COMPILATION_CONDITIONS = DEBUG;
				SWIFT_OPTIMIZATION_LEVEL = "-Onone";
				SWIFT_UPCOMING_FEATURE_6_0 = NO;
			};
			name = Debug;
		};
		344ED4B32928D85200DB56EA /* Release */ = {
			isa = XCBuildConfiguration;
			buildSettings = {
				ALWAYS_SEARCH_USER_PATHS = NO;
				ASSETCATALOG_COMPILER_GENERATE_SWIFT_ASSET_SYMBOL_EXTENSIONS = YES;
				CLANG_ANALYZER_NONNULL = YES;
				CLANG_ANALYZER_NUMBER_OBJECT_CONVERSION = YES_AGGRESSIVE;
				CLANG_CXX_LANGUAGE_STANDARD = "gnu++20";
				CLANG_ENABLE_MODULES = YES;
				CLANG_ENABLE_OBJC_ARC = YES;
				CLANG_ENABLE_OBJC_WEAK = YES;
				CLANG_WARN_BLOCK_CAPTURE_AUTORELEASING = YES;
				CLANG_WARN_BOOL_CONVERSION = YES;
				CLANG_WARN_COMMA = YES;
				CLANG_WARN_CONSTANT_CONVERSION = YES;
				CLANG_WARN_DEPRECATED_OBJC_IMPLEMENTATIONS = YES;
				CLANG_WARN_DIRECT_OBJC_ISA_USAGE = YES_ERROR;
				CLANG_WARN_DOCUMENTATION_COMMENTS = YES;
				CLANG_WARN_EMPTY_BODY = YES;
				CLANG_WARN_ENUM_CONVERSION = YES;
				CLANG_WARN_INFINITE_RECURSION = YES;
				CLANG_WARN_INT_CONVERSION = YES;
				CLANG_WARN_NON_LITERAL_NULL_CONVERSION = YES;
				CLANG_WARN_OBJC_IMPLICIT_RETAIN_SELF = YES;
				CLANG_WARN_OBJC_LITERAL_CONVERSION = YES;
				CLANG_WARN_OBJC_ROOT_CLASS = YES_ERROR;
				CLANG_WARN_QUOTED_INCLUDE_IN_FRAMEWORK_HEADER = YES;
				CLANG_WARN_RANGE_LOOP_ANALYSIS = YES;
				CLANG_WARN_STRICT_PROTOTYPES = YES;
				CLANG_WARN_SUSPICIOUS_MOVE = YES;
				CLANG_WARN_UNGUARDED_AVAILABILITY = YES_AGGRESSIVE;
				CLANG_WARN_UNREACHABLE_CODE = YES;
				CLANG_WARN__DUPLICATE_METHOD_MATCH = YES;
				COPY_PHASE_STRIP = NO;
				DEBUG_INFORMATION_FORMAT = "dwarf-with-dsym";
				DEVELOPMENT_TEAM = QDH78FDX85;
				ENABLE_DEBUG_DYLIB = NO;
				ENABLE_NS_ASSERTIONS = NO;
				ENABLE_STRICT_OBJC_MSGSEND = YES;
				ENABLE_TESTABILITY = NO;
				ENABLE_USER_SCRIPT_SANDBOXING = NO;
				GCC_C_LANGUAGE_STANDARD = gnu11;
				GCC_NO_COMMON_BLOCKS = YES;
				GCC_WARN_64_TO_32_BIT_CONVERSION = YES;
				GCC_WARN_ABOUT_RETURN_TYPE = YES_ERROR;
				GCC_WARN_UNDECLARED_SELECTOR = YES;
				GCC_WARN_UNINITIALIZED_AUTOS = YES_AGGRESSIVE;
				GCC_WARN_UNUSED_FUNCTION = YES;
				GCC_WARN_UNUSED_VARIABLE = YES;
				IPHONEOS_DEPLOYMENT_TARGET = 16.0;
				MTL_ENABLE_DEBUG_INFO = NO;
				MTL_FAST_MATH = YES;
				SDKROOT = iphoneos;
				STRING_CATALOG_GENERATE_SYMBOLS = YES;
				SWIFT_COMPILATION_MODE = wholemodule;
				SWIFT_OPTIMIZATION_LEVEL = "-O";
				SWIFT_UPCOMING_FEATURE_6_0 = NO;
				VALIDATE_PRODUCT = YES;
			};
			name = Release;
		};
		344ED4B52928D85200DB56EA /* Debug */ = {
			isa = XCBuildConfiguration;
			buildSettings = {
				ASSETCATALOG_COMPILER_APPICON_NAME = AppIcon;
				ASSETCATALOG_COMPILER_GLOBAL_ACCENT_COLOR_NAME = AccentColor;
				CODE_SIGN_ENTITLEMENTS = Atwy/Atwy.entitlements;
				CODE_SIGN_STYLE = Automatic;
				CURRENT_PROJECT_VERSION = 1;
				ENABLE_APP_SANDBOX = YES;
				ENABLE_OUTGOING_NETWORK_CONNECTIONS = YES;
				ENABLE_PREVIEWS = YES;
				GENERATE_INFOPLIST_FILE = YES;
				INFOPLIST_FILE = Atwy/Info.plist;
				INFOPLIST_KEY_CFBundleDisplayName = Atwy;
				INFOPLIST_KEY_ITSAppUsesNonExemptEncryption = NO;
				INFOPLIST_KEY_LSApplicationCategoryType = "public.app-category.entertainment";
				INFOPLIST_KEY_NSSupportsLiveActivities = YES;
				INFOPLIST_KEY_UIApplicationSceneManifest_Generation = YES;
				INFOPLIST_KEY_UIApplicationSupportsIndirectInputEvents = YES;
				INFOPLIST_KEY_UILaunchScreen_Generation = YES;
				INFOPLIST_KEY_UISupportedInterfaceOrientations = UIInterfaceOrientationPortrait;
				INFOPLIST_KEY_UISupportedInterfaceOrientations_iPad = "UIInterfaceOrientationLandscapeLeft UIInterfaceOrientationLandscapeRight UIInterfaceOrientationPortrait UIInterfaceOrientationPortraitUpsideDown";
				LD_RUNPATH_SEARCH_PATHS = (
					"$(inherited)",
					"@executable_path/Frameworks",
				);
				MARKETING_VERSION = 3.2;
				PRODUCT_BUNDLE_IDENTIFIER = "Antoine-Bollengier.Atwy";
				PRODUCT_NAME = "$(TARGET_NAME)";
				SUPPORTED_PLATFORMS = "iphoneos iphonesimulator";
				SUPPORTS_MACCATALYST = NO;
				SUPPORTS_MAC_DESIGNED_FOR_IPHONE_IPAD = YES;
				SUPPORTS_XR_DESIGNED_FOR_IPHONE_IPAD = YES;
				SWIFT_EMIT_LOC_STRINGS = YES;
				SWIFT_STRICT_CONCURRENCY = complete;
				SWIFT_VERSION = 5.0;
				TARGETED_DEVICE_FAMILY = "1,2,7";
			};
			name = Debug;
		};
		344ED4B62928D85200DB56EA /* Release */ = {
			isa = XCBuildConfiguration;
			buildSettings = {
				ASSETCATALOG_COMPILER_APPICON_NAME = AppIcon;
				ASSETCATALOG_COMPILER_GLOBAL_ACCENT_COLOR_NAME = AccentColor;
				CODE_SIGN_ENTITLEMENTS = Atwy/Atwy.entitlements;
				CODE_SIGN_STYLE = Automatic;
				CURRENT_PROJECT_VERSION = 1;
				ENABLE_APP_SANDBOX = YES;
				ENABLE_OUTGOING_NETWORK_CONNECTIONS = YES;
				ENABLE_PREVIEWS = YES;
				GENERATE_INFOPLIST_FILE = YES;
				INFOPLIST_FILE = Atwy/Info.plist;
				INFOPLIST_KEY_CFBundleDisplayName = Atwy;
				INFOPLIST_KEY_ITSAppUsesNonExemptEncryption = NO;
				INFOPLIST_KEY_LSApplicationCategoryType = "public.app-category.entertainment";
				INFOPLIST_KEY_NSSupportsLiveActivities = YES;
				INFOPLIST_KEY_UIApplicationSceneManifest_Generation = YES;
				INFOPLIST_KEY_UIApplicationSupportsIndirectInputEvents = YES;
				INFOPLIST_KEY_UILaunchScreen_Generation = YES;
				INFOPLIST_KEY_UISupportedInterfaceOrientations = UIInterfaceOrientationPortrait;
				INFOPLIST_KEY_UISupportedInterfaceOrientations_iPad = "UIInterfaceOrientationLandscapeLeft UIInterfaceOrientationLandscapeRight UIInterfaceOrientationPortrait UIInterfaceOrientationPortraitUpsideDown";
				LD_RUNPATH_SEARCH_PATHS = (
					"$(inherited)",
					"@executable_path/Frameworks",
				);
				MARKETING_VERSION = 3.2;
				PRODUCT_BUNDLE_IDENTIFIER = "Antoine-Bollengier.Atwy";
				PRODUCT_NAME = "$(TARGET_NAME)";
				SUPPORTED_PLATFORMS = "iphoneos iphonesimulator";
				SUPPORTS_MACCATALYST = NO;
				SUPPORTS_MAC_DESIGNED_FOR_IPHONE_IPAD = YES;
				SUPPORTS_XR_DESIGNED_FOR_IPHONE_IPAD = YES;
				SWIFT_EMIT_LOC_STRINGS = YES;
				SWIFT_STRICT_CONCURRENCY = complete;
				SWIFT_VERSION = 5.0;
				TARGETED_DEVICE_FAMILY = "1,2,7";
			};
			name = Release;
		};
		349ED1492BA38CAD00F4B805 /* Debug */ = {
			isa = XCBuildConfiguration;
			buildSettings = {
				ASSETCATALOG_COMPILER_GLOBAL_ACCENT_COLOR_NAME = AccentColor;
				ASSETCATALOG_COMPILER_WIDGET_BACKGROUND_COLOR_NAME = WidgetBackground;
				CODE_SIGN_STYLE = Automatic;
				CURRENT_PROJECT_VERSION = 1;
				ENABLE_USER_SCRIPT_SANDBOXING = YES;
				GCC_C_LANGUAGE_STANDARD = gnu17;
				GENERATE_INFOPLIST_FILE = YES;
				INFOPLIST_FILE = AtwyWidgets/Info.plist;
				INFOPLIST_KEY_CFBundleDisplayName = AtwyWidgets;
				INFOPLIST_KEY_NSHumanReadableCopyright = "";
				IPHONEOS_DEPLOYMENT_TARGET = 16.1;
				LD_RUNPATH_SEARCH_PATHS = (
					"$(inherited)",
					"@executable_path/Frameworks",
					"@executable_path/../../Frameworks",
				);
				LOCALIZATION_PREFERS_STRING_CATALOGS = YES;
				MARKETING_VERSION = 3.0;
				PRODUCT_BUNDLE_IDENTIFIER = "Antoine-Bollengier.Atwy.AtwyWidgets";
				PRODUCT_NAME = "$(TARGET_NAME)";
				SKIP_INSTALL = YES;
				SWIFT_ACTIVE_COMPILATION_CONDITIONS = "DEBUG $(inherited)";
				SWIFT_EMIT_LOC_STRINGS = YES;
				SWIFT_VERSION = 5.0;
				TARGETED_DEVICE_FAMILY = "1,2";
			};
			name = Debug;
		};
		349ED14A2BA38CAD00F4B805 /* Release */ = {
			isa = XCBuildConfiguration;
			buildSettings = {
				ASSETCATALOG_COMPILER_GLOBAL_ACCENT_COLOR_NAME = AccentColor;
				ASSETCATALOG_COMPILER_WIDGET_BACKGROUND_COLOR_NAME = WidgetBackground;
				CODE_SIGN_STYLE = Automatic;
				CURRENT_PROJECT_VERSION = 1;
				ENABLE_USER_SCRIPT_SANDBOXING = YES;
				GCC_C_LANGUAGE_STANDARD = gnu17;
				GENERATE_INFOPLIST_FILE = YES;
				INFOPLIST_FILE = AtwyWidgets/Info.plist;
				INFOPLIST_KEY_CFBundleDisplayName = AtwyWidgets;
				INFOPLIST_KEY_NSHumanReadableCopyright = "";
				IPHONEOS_DEPLOYMENT_TARGET = 16.1;
				LD_RUNPATH_SEARCH_PATHS = (
					"$(inherited)",
					"@executable_path/Frameworks",
					"@executable_path/../../Frameworks",
				);
				LOCALIZATION_PREFERS_STRING_CATALOGS = YES;
				MARKETING_VERSION = 3.0;
				PRODUCT_BUNDLE_IDENTIFIER = "Antoine-Bollengier.Atwy.AtwyWidgets";
				PRODUCT_NAME = "$(TARGET_NAME)";
				SKIP_INSTALL = YES;
				SWIFT_EMIT_LOC_STRINGS = YES;
				SWIFT_VERSION = 5.0;
				TARGETED_DEVICE_FAMILY = "1,2";
			};
			name = Release;
		};
/* End XCBuildConfiguration section */

/* Begin XCConfigurationList section */
		344ED49C2928D85100DB56EA /* Build configuration list for PBXProject "Atwy" */ = {
			isa = XCConfigurationList;
			buildConfigurations = (
				344ED4B22928D85200DB56EA /* Debug */,
				344ED4B32928D85200DB56EA /* Release */,
			);
			defaultConfigurationIsVisible = 0;
			defaultConfigurationName = Release;
		};
		344ED4B42928D85200DB56EA /* Build configuration list for PBXNativeTarget "Atwy" */ = {
			isa = XCConfigurationList;
			buildConfigurations = (
				344ED4B52928D85200DB56EA /* Debug */,
				344ED4B62928D85200DB56EA /* Release */,
			);
			defaultConfigurationIsVisible = 0;
			defaultConfigurationName = Release;
		};
		349ED1482BA38CAD00F4B805 /* Build configuration list for PBXNativeTarget "AtwyWidgetsExtension" */ = {
			isa = XCConfigurationList;
			buildConfigurations = (
				349ED1492BA38CAD00F4B805 /* Debug */,
				349ED14A2BA38CAD00F4B805 /* Release */,
			);
			defaultConfigurationIsVisible = 0;
			defaultConfigurationName = Release;
		};
/* End XCConfigurationList section */

/* Begin XCRemoteSwiftPackageReference section */
		340995602A759EC9004F9AAF /* XCRemoteSwiftPackageReference "SwipeActions" */ = {
			isa = XCRemoteSwiftPackageReference;
			repositoryURL = "https://github.com/aheze/SwipeActions";
			requirement = {
				kind = exactVersion;
				version = 1.1.0;
			};
		};
		344DFF0B2A69AE250057093F /* XCRemoteSwiftPackageReference "InfiniteScrollViews" */ = {
			isa = XCRemoteSwiftPackageReference;
			repositoryURL = "https://github.com/b5i/InfiniteScrollViews";
			requirement = {
				kind = exactVersion;
				version = 1.2.0;
			};
		};
		347AE2542A6C65490099DDE7 /* XCRemoteSwiftPackageReference "YouTubeKit" */ = {
			isa = XCRemoteSwiftPackageReference;
			repositoryURL = "https://github.com/b5i/YouTubeKit";
			requirement = {
				kind = revision;
				revision = 3e7478066f044739398cc9a504330ddc8daec17f;
			};
		};
/* End XCRemoteSwiftPackageReference section */

/* Begin XCSwiftPackageProductDependency section */
		340995612A759EC9004F9AAF /* SwipeActions */ = {
			isa = XCSwiftPackageProductDependency;
			package = 340995602A759EC9004F9AAF /* XCRemoteSwiftPackageReference "SwipeActions" */;
			productName = SwipeActions;
		};
		344DFF0C2A69AE250057093F /* InfiniteScrollViews */ = {
			isa = XCSwiftPackageProductDependency;
			package = 344DFF0B2A69AE250057093F /* XCRemoteSwiftPackageReference "InfiniteScrollViews" */;
			productName = InfiniteScrollViews;
		};
		347AE2552A6C65490099DDE7 /* YouTubeKit */ = {
			isa = XCSwiftPackageProductDependency;
			package = 347AE2542A6C65490099DDE7 /* XCRemoteSwiftPackageReference "YouTubeKit" */;
			productName = YouTubeKit;
		};
/* End XCSwiftPackageProductDependency section */

/* Begin XCVersionGroup section */
		345DC3042AE45E2B007AE044 /* Atwy.xcdatamodeld */ = {
			isa = XCVersionGroup;
			children = (
				345DC3052AE45E2B007AE044 /* Atwy.xcdatamodel */,
			);
			currentVersion = 345DC3052AE45E2B007AE044 /* Atwy.xcdatamodel */;
			path = Atwy.xcdatamodeld;
			sourceTree = "<group>";
			versionGroupType = wrapper.xcdatamodel;
		};
/* End XCVersionGroup section */
	};
	rootObject = 344ED4992928D85100DB56EA /* Project object */;
}
