{
  "pins" : [
    {
      "identity" : "infinitescrollviews",
      "kind" : "remoteSourceControl",
      "location" : "https://github.com/b5i/InfiniteScrollViews",
      "state" : {
        "revision" : "51e3695772265aba67ae02ab1fedb5c5d930a69b",
        "version" : "1.0.0"
      }
    },
    {
      "identity" : "swipeactions",
      "kind" : "remoteSourceControl",
      "location" : "https://github.com/aheze/SwipeActions",
      "state" : {
        "revision" : "41e6f6dce02d8cfa164f8c5461a41340850ca3ab",
        "version" : "1.1.0"
      }
    },
    {
      "identity" : "youtubekit",
      "kind" : "remoteSourceControl",
      "location" : "https://github.com/b5i/YouTubeKit",
      "state" : {
        "revision" : "05953bf641d6ad1885d33c7d6b7c29d8413c841e",
        "version" : "1.1.0"
      }
    }
  ],
  "version" : 2
}
