{
  "originHash" : "beab74e6507cba1663c4587d02b978a133e63522baa58cf3b3238f5e20601968",
  "pins" : [
    {
      "identity" : "infinitescrollviews",
      "kind" : "remoteSourceControl",
      "location" : "https://github.com/b5i/InfiniteScrollViews",
      "state" : {
        "revision" : "c0580d06ed674b9c6711d2a79db65fc9c6b4ebbc",
        "version" : "1.0.2"
      }
    },
    {
      "identity" : "swipeactions",
      "kind" : "remoteSourceControl",
      "location" : "https://github.com/aheze/SwipeActions",
      "state" : {
        "revision" : "41e6f6dce02d8cfa164f8c5461a41340850ca3ab",
        "version" : "1.1.0"
      }
    },
    {
      "identity" : "youtubekit",
      "kind" : "remoteSourceControl",
      "location" : "https://github.com/b5i/YouTubeKit",
      "state" : {
        "revision" : "1df519bf21a89cc42e626fe3876dc3e4d11c491b"
      }
    }
  ],
  "version" : 3
}
