{
  "originHash" : "beab74e6507cba1663c4587d02b978a133e63522baa58cf3b3238f5e20601968",
  "pins" : [
    {
      "identity" : "infinitescrollviews",
      "kind" : "remoteSourceControl",
      "location" : "https://github.com/b5i/InfiniteScrollViews",
      "state" : {
        "revision" : "92e9a14ceea4430fe522faeb68070aa43ea2be9e",
        "version" : "1.1.0"
      }
    },
    {
      "identity" : "swipeactions",
      "kind" : "remoteSourceControl",
      "location" : "https://github.com/aheze/SwipeActions",
      "state" : {
        "revision" : "41e6f6dce02d8cfa164f8c5461a41340850ca3ab",
        "version" : "1.1.0"
      }
    },
    {
      "identity" : "youtubekit",
      "kind" : "remoteSourceControl",
      "location" : "https://github.com/b5i/YouTubeKit",
      "state" : {
        "revision" : "b88f49a16d2554c57bfc0e74c2a0d8aa4121eb31"
      }
    }
  ],
  "version" : 3
}
